
Microsoft Visual Studio Solution File, Format Version 12.00
# Visual Studio Version 16
VisualStudioVersion = 16.0.30320.27
MinimumVisualStudioVersion = 10.0.40219.1
Project("{FAE04EC0-301F-11D3-BF4B-00C04F79EFBC}") = "Homemade_Screensaver", "Homemade_Screensaver.csproj", "{6804EBC5-CE9A-4580-BCA5-F2C0D1B6A399}"
EndProject
Global
	GlobalSection(SolutionConfigurationPlatforms) = preSolution
		Debug|Any CPU = Debug|Any CPU
		Release|Any CPU = Release|Any CPU
	EndGlobalSection
	GlobalSection(ProjectConfigurationPlatforms) = postSolution
		{6804EBC5-CE9A-4580-BCA5-F2C0D1B6A399}.Debug|Any CPU.ActiveCfg = Debug|Any CPU
		{6804EBC5-CE9A-4580-BCA5-F2C0D1B6A399}.Debug|Any CPU.Build.0 = Debug|Any CPU
		{6804EBC5-CE9A-4580-BCA5-F2C0D1B6A399}.Release|Any CPU.ActiveCfg = Release|Any CPU
		{6804EBC5-CE9A-4580-BCA5-F2C0D1B6A399}.Release|Any CPU.Build.0 = Release|Any CPU
	EndGlobalSection
	GlobalSection(SolutionProperties) = preSolution
		HideSolutionNode = FALSE
	EndGlobalSection
	GlobalSection(ExtensibilityGlobals) = postSolution
		SolutionGuid = {8DEF5449-9C33-4FED-B595-FC828B855387}
	EndGlobalSection
EndGlobal
